// !$*UTF8*$!
{
	archiveVersion = 1;
	classes = {
	};
	objectVersion = 51;
	objects = {

/* Begin PBXBuildFile section */
		5E24483CFECA06656116C95F /* Pods_Flix.framework in Frameworks */ = {isa = PBXBuildFile; fileRef = 145D059478C26A92EF92966D /* Pods_Flix.framework */; };
		8D929C8D03F52BA97D80CC7B /* Pods_FlixTests.framework in Frameworks */ = {isa = PBXBuildFile; fileRef = 424BDE78156BD043936D75BE /* Pods_FlixTests.framework */; };
		909C1BB1AA648D9E46BDAA5E /* Pods_Flix_FlixUITests.framework in Frameworks */ = {isa = PBXBuildFile; fileRef = C8DA961A51D03287C6D6D3FC /* Pods_Flix_FlixUITests.framework */; };
		B01E11A125D0C5C8009D1F58 /* AppDelegate.swift in Sources */ = {isa = PBXBuildFile; fileRef = B01E11A025D0C5C8009D1F58 /* AppDelegate.swift */; };
		B01E11A325D0C5C8009D1F58 /* SceneDelegate.swift in Sources */ = {isa = PBXBuildFile; fileRef = B01E11A225D0C5C8009D1F58 /* SceneDelegate.swift */; };
		B01E11A825D0C5C8009D1F58 /* Main.storyboard in Resources */ = {isa = PBXBuildFile; fileRef = B01E11A625D0C5C8009D1F58 /* Main.storyboard */; };
		B01E11AA25D0C5C9009D1F58 /* Assets.xcassets in Resources */ = {isa = PBXBuildFile; fileRef = B01E11A925D0C5C9009D1F58 /* Assets.xcassets */; };
		B01E11AD25D0C5C9009D1F58 /* LaunchScreen.storyboard in Resources */ = {isa = PBXBuildFile; fileRef = B01E11AB25D0C5C9009D1F58 /* LaunchScreen.storyboard */; };
		B0D9B9A325E69A3A002ED143 /* MovieGridCell.swift in Sources */ = {isa = PBXBuildFile; fileRef = B0D9B99D25E69A3A002ED143 /* MovieGridCell.swift */; };
		B0D9B9A425E69A3A002ED143 /* NowPlayingCell.swift in Sources */ = {isa = PBXBuildFile; fileRef = B0D9B99E25E69A3A002ED143 /* NowPlayingCell.swift */; };
		B0D9B9A525E69A3A002ED143 /* MovieGridViewController.swift in Sources */ = {isa = PBXBuildFile; fileRef = B0D9B9A025E69A3A002ED143 /* MovieGridViewController.swift */; };
		B0D9B9A625E69A3A002ED143 /* NowPlayingViewController.swift in Sources */ = {isa = PBXBuildFile; fileRef = B0D9B9A125E69A3A002ED143 /* NowPlayingViewController.swift */; };
		B0D9B9A725E69A3A002ED143 /* MovieDetailsViewController.swift in Sources */ = {isa = PBXBuildFile; fileRef = B0D9B9A225E69A3A002ED143 /* MovieDetailsViewController.swift */; };
		B0DE27A325E69B8E0039B830 /* README.md in Resources */ = {isa = PBXBuildFile; fileRef = B0DE27A225E69B8E0039B830 /* README.md */; };
/* End PBXBuildFile section */

/* Begin PBXContainerItemProxy section */
		B01E11B425D0C5C9009D1F58 /* PBXContainerItemProxy */ = {
			isa = PBXContainerItemProxy;
			containerPortal = B01E119525D0C5C8009D1F58 /* Project object */;
			proxyType = 1;
			remoteGlobalIDString = B01E119C25D0C5C8009D1F58;
			remoteInfo = Flix;
		};
		B01E11BF25D0C5C9009D1F58 /* PBXContainerItemProxy */ = {
			isa = PBXContainerItemProxy;
			containerPortal = B01E119525D0C5C8009D1F58 /* Project object */;
			proxyType = 1;
			remoteGlobalIDString = B01E119C25D0C5C8009D1F58;
			remoteInfo = Flix;
		};
/* End PBXContainerItemProxy section */

/* Begin PBXFileReference section */
		145D059478C26A92EF92966D /* Pods_Flix.framework */ = {isa = PBXFileReference; explicitFileType = wrapper.framework; includeInIndex = 0; path = Pods_Flix.framework; sourceTree = BUILT_PRODUCTS_DIR; };
		424BDE78156BD043936D75BE /* Pods_FlixTests.framework */ = {isa = PBXFileReference; explicitFileType = wrapper.framework; includeInIndex = 0; path = Pods_FlixTests.framework; sourceTree = BUILT_PRODUCTS_DIR; };
		6461A230986E82AE1DDE6ABB /* Pods-Flix.debug.xcconfig */ = {isa = PBXFileReference; includeInIndex = 1; lastKnownFileType = text.xcconfig; name = "Pods-Flix.debug.xcconfig"; path = "Target Support Files/Pods-Flix/Pods-Flix.debug.xcconfig"; sourceTree = "<group>"; };
		7CAD1ED50ECE485C2723BFD8 /* Pods-Flix-FlixUITests.release.xcconfig */ = {isa = PBXFileReference; includeInIndex = 1; lastKnownFileType = text.xcconfig; name = "Pods-Flix-FlixUITests.release.xcconfig"; path = "Target Support Files/Pods-Flix-FlixUITests/Pods-Flix-FlixUITests.release.xcconfig"; sourceTree = "<group>"; };
		8CAF4FC860436D04961D3A91 /* Pods-FlixTests.debug.xcconfig */ = {isa = PBXFileReference; includeInIndex = 1; lastKnownFileType = text.xcconfig; name = "Pods-FlixTests.debug.xcconfig"; path = "Target Support Files/Pods-FlixTests/Pods-FlixTests.debug.xcconfig"; sourceTree = "<group>"; };
		B01E119D25D0C5C8009D1F58 /* Flix.app */ = {isa = PBXFileReference; explicitFileType = wrapper.application; includeInIndex = 0; path = Flix.app; sourceTree = BUILT_PRODUCTS_DIR; };
		B01E11A025D0C5C8009D1F58 /* AppDelegate.swift */ = {isa = PBXFileReference; lastKnownFileType = sourcecode.swift; path = AppDelegate.swift; sourceTree = "<group>"; };
		B01E11A225D0C5C8009D1F58 /* SceneDelegate.swift */ = {isa = PBXFileReference; lastKnownFileType = sourcecode.swift; path = SceneDelegate.swift; sourceTree = "<group>"; };
		B01E11A725D0C5C8009D1F58 /* Base */ = {isa = PBXFileReference; lastKnownFileType = file.storyboard; name = Base; path = Base.lproj/Main.storyboard; sourceTree = "<group>"; };
		B01E11A925D0C5C9009D1F58 /* Assets.xcassets */ = {isa = PBXFileReference; lastKnownFileType = folder.assetcatalog; path = Assets.xcassets; sourceTree = "<group>"; };
		B01E11AC25D0C5C9009D1F58 /* Base */ = {isa = PBXFileReference; lastKnownFileType = file.storyboard; name = Base; path = Base.lproj/LaunchScreen.storyboard; sourceTree = "<group>"; };
		B01E11AE25D0C5C9009D1F58 /* Info.plist */ = {isa = PBXFileReference; lastKnownFileType = text.plist.xml; path = Info.plist; sourceTree = "<group>"; };
		B01E11B325D0C5C9009D1F58 /* FlixTests.xctest */ = {isa = PBXFileReference; explicitFileType = wrapper.cfbundle; includeInIndex = 0; path = FlixTests.xctest; sourceTree = BUILT_PRODUCTS_DIR; };
		B01E11BE25D0C5C9009D1F58 /* FlixUITests.xctest */ = {isa = PBXFileReference; explicitFileType = wrapper.cfbundle; includeInIndex = 0; path = FlixUITests.xctest; sourceTree = BUILT_PRODUCTS_DIR; };
		B0D9B99D25E69A3A002ED143 /* MovieGridCell.swift */ = {isa = PBXFileReference; fileEncoding = 4; lastKnownFileType = sourcecode.swift; path = MovieGridCell.swift; sourceTree = "<group>"; };
		B0D9B99E25E69A3A002ED143 /* NowPlayingCell.swift */ = {isa = PBXFileReference; fileEncoding = 4; lastKnownFileType = sourcecode.swift; path = NowPlayingCell.swift; sourceTree = "<group>"; };
		B0D9B9A025E69A3A002ED143 /* MovieGridViewController.swift */ = {isa = PBXFileReference; fileEncoding = 4; lastKnownFileType = sourcecode.swift; path = MovieGridViewController.swift; sourceTree = "<group>"; };
		B0D9B9A125E69A3A002ED143 /* NowPlayingViewController.swift */ = {isa = PBXFileReference; fileEncoding = 4; lastKnownFileType = sourcecode.swift; path = NowPlayingViewController.swift; sourceTree = "<group>"; };
		B0D9B9A225E69A3A002ED143 /* MovieDetailsViewController.swift */ = {isa = PBXFileReference; fileEncoding = 4; lastKnownFileType = sourcecode.swift; path = MovieDetailsViewController.swift; sourceTree = "<group>"; };
		B0DE27A225E69B8E0039B830 /* README.md */ = {isa = PBXFileReference; fileEncoding = 4; lastKnownFileType = net.daringfireball.markdown; path = README.md; sourceTree = "<group>"; };
		B71607F7F043352C3E3CDFCD /* Pods-FlixTests.release.xcconfig */ = {isa = PBXFileReference; includeInIndex = 1; lastKnownFileType = text.xcconfig; name = "Pods-FlixTests.release.xcconfig"; path = "Target Support Files/Pods-FlixTests/Pods-FlixTests.release.xcconfig"; sourceTree = "<group>"; };
		B822E8F17587D8E12CED9B01 /* Pods-Flix.release.xcconfig */ = {isa = PBXFileReference; includeInIndex = 1; lastKnownFileType = text.xcconfig; name = "Pods-Flix.release.xcconfig"; path = "Target Support Files/Pods-Flix/Pods-Flix.release.xcconfig"; sourceTree = "<group>"; };
		C8DA961A51D03287C6D6D3FC /* Pods_Flix_FlixUITests.framework */ = {isa = PBXFileReference; explicitFileType = wrapper.framework; includeInIndex = 0; path = Pods_Flix_FlixUITests.framework; sourceTree = BUILT_PRODUCTS_DIR; };
		CDE0F4F833AC77E77F33433B /* Pods-Flix-FlixUITests.debug.xcconfig */ = {isa = PBXFileReference; includeInIndex = 1; lastKnownFileType = text.xcconfig; name = "Pods-Flix-FlixUITests.debug.xcconfig"; path = "Target Support Files/Pods-Flix-FlixUITests/Pods-Flix-FlixUITests.debug.xcconfig"; sourceTree = "<group>"; };
/* End PBXFileReference section */

/* Begin PBXFrameworksBuildPhase section */
		B01E119A25D0C5C8009D1F58 /* Frameworks */ = {
			isa = PBXFrameworksBuildPhase;
			buildActionMask = 2147483647;
			files = (
				5E24483CFECA06656116C95F /* Pods_Flix.framework in Frameworks */,
			);
			runOnlyForDeploymentPostprocessing = 0;
		};
		B01E11B025D0C5C9009D1F58 /* Frameworks */ = {
			isa = PBXFrameworksBuildPhase;
			buildActionMask = 2147483647;
			files = (
				8D929C8D03F52BA97D80CC7B /* Pods_FlixTests.framework in Frameworks */,
			);
			runOnlyForDeploymentPostprocessing = 0;
		};
		B01E11BB25D0C5C9009D1F58 /* Frameworks */ = {
			isa = PBXFrameworksBuildPhase;
			buildActionMask = 2147483647;
			files = (
				909C1BB1AA648D9E46BDAA5E /* Pods_Flix_FlixUITests.framework in Frameworks */,
			);
			runOnlyForDeploymentPostprocessing = 0;
		};
/* End PBXFrameworksBuildPhase section */

/* Begin PBXGroup section */
		12D183FE4618EC7CAF222324 /* Frameworks */ = {
			isa = PBXGroup;
			children = (
				145D059478C26A92EF92966D /* Pods_Flix.framework */,
				C8DA961A51D03287C6D6D3FC /* Pods_Flix_FlixUITests.framework */,
				424BDE78156BD043936D75BE /* Pods_FlixTests.framework */,
			);
			name = Frameworks;
			sourceTree = "<group>";
		};
		AEAE9AE97AF3E9C89F3A5F96 /* Pods */ = {
			isa = PBXGroup;
			children = (
				6461A230986E82AE1DDE6ABB /* Pods-Flix.debug.xcconfig */,
				B822E8F17587D8E12CED9B01 /* Pods-Flix.release.xcconfig */,
				CDE0F4F833AC77E77F33433B /* Pods-Flix-FlixUITests.debug.xcconfig */,
				7CAD1ED50ECE485C2723BFD8 /* Pods-Flix-FlixUITests.release.xcconfig */,
				8CAF4FC860436D04961D3A91 /* Pods-FlixTests.debug.xcconfig */,
				B71607F7F043352C3E3CDFCD /* Pods-FlixTests.release.xcconfig */,
			);
			path = Pods;
			sourceTree = "<group>";
		};
		B01E119425D0C5C8009D1F58 = {
			isa = PBXGroup;
			children = (
				B0DE27A225E69B8E0039B830 /* README.md */,
				B01E119F25D0C5C8009D1F58 /* Flix */,
				B01E119E25D0C5C8009D1F58 /* Products */,
				AEAE9AE97AF3E9C89F3A5F96 /* Pods */,
				12D183FE4618EC7CAF222324 /* Frameworks */,
			);
			sourceTree = "<group>";
		};
		B01E119E25D0C5C8009D1F58 /* Products */ = {
			isa = PBXGroup;
			children = (
				B01E119D25D0C5C8009D1F58 /* Flix.app */,
				B01E11B325D0C5C9009D1F58 /* FlixTests.xctest */,
				B01E11BE25D0C5C9009D1F58 /* FlixUITests.xctest */,
			);
			name = Products;
			sourceTree = "<group>";
		};
		B01E119F25D0C5C8009D1F58 /* Flix */ = {
			isa = PBXGroup;
			children = (
				B0DE27AA25E69BA00039B830 /* Delegates */,
				B0D9B99F25E69A3A002ED143 /* ViewControllers */,
				B0D9B99C25E69A3A002ED143 /* Cells */,
				B01E11A625D0C5C8009D1F58 /* Main.storyboard */,
				B01E11AB25D0C5C9009D1F58 /* LaunchScreen.storyboard */,
				B01E11A925D0C5C9009D1F58 /* Assets.xcassets */,
				B01E11AE25D0C5C9009D1F58 /* Info.plist */,
			);
			path = Flix;
			sourceTree = "<group>";
		};
		B0D9B99C25E69A3A002ED143 /* Cells */ = {
			isa = PBXGroup;
			children = (
				B0D9B99D25E69A3A002ED143 /* MovieGridCell.swift */,
				B0D9B99E25E69A3A002ED143 /* NowPlayingCell.swift */,
			);
			path = Cells;
			sourceTree = "<group>";
		};
		B0D9B99F25E69A3A002ED143 /* ViewControllers */ = {
			isa = PBXGroup;
			children = (
				B0D9B9A025E69A3A002ED143 /* MovieGridViewController.swift */,
				B0D9B9A125E69A3A002ED143 /* NowPlayingViewController.swift */,
				B0D9B9A225E69A3A002ED143 /* MovieDetailsViewController.swift */,
			);
			path = ViewControllers;
			sourceTree = "<group>";
		};
		B0DE27AA25E69BA00039B830 /* Delegates */ = {
			isa = PBXGroup;
			children = (
				B01E11A025D0C5C8009D1F58 /* AppDelegate.swift */,
				B01E11A225D0C5C8009D1F58 /* SceneDelegate.swift */,
			);
			path = Delegates;
			sourceTree = "<group>";
		};
/* End PBXGroup section */

/* Begin PBXNativeTarget section */
		B01E119C25D0C5C8009D1F58 /* Flix */ = {
			isa = PBXNativeTarget;
			buildConfigurationList = B01E11C725D0C5CA009D1F58 /* Build configuration list for PBXNativeTarget "Flix" */;
			buildPhases = (
				32DF4BD28FA4C25454893FA8 /* [CP] Check Pods Manifest.lock */,
				B0701D6E25E02258009635E7 /* ShellScript */,
				B01E119925D0C5C8009D1F58 /* Sources */,
				B01E119A25D0C5C8009D1F58 /* Frameworks */,
				B01E119B25D0C5C8009D1F58 /* Resources */,
				417B9AA8DE7988AA5357268B /* [CP] Embed Pods Frameworks */,
			);
			buildRules = (
			);
			dependencies = (
			);
			name = Flix;
			productName = Flix;
			productReference = B01E119D25D0C5C8009D1F58 /* Flix.app */;
			productType = "com.apple.product-type.application";
		};
		B01E11B225D0C5C9009D1F58 /* FlixTests */ = {
			isa = PBXNativeTarget;
			buildConfigurationList = B01E11CA25D0C5CA009D1F58 /* Build configuration list for PBXNativeTarget "FlixTests" */;
			buildPhases = (
				CCBA1CC0C8C4D253CF2F4BD0 /* [CP] Check Pods Manifest.lock */,
				B01E11AF25D0C5C9009D1F58 /* Sources */,
				B01E11B025D0C5C9009D1F58 /* Frameworks */,
				B01E11B125D0C5C9009D1F58 /* Resources */,
			);
			buildRules = (
			);
			dependencies = (
				B01E11B525D0C5C9009D1F58 /* PBXTargetDependency */,
			);
			name = FlixTests;
			productName = FlixTests;
			productReference = B01E11B325D0C5C9009D1F58 /* FlixTests.xctest */;
			productType = "com.apple.product-type.bundle.unit-test";
		};
		B01E11BD25D0C5C9009D1F58 /* FlixUITests */ = {
			isa = PBXNativeTarget;
			buildConfigurationList = B01E11CD25D0C5CA009D1F58 /* Build configuration list for PBXNativeTarget "FlixUITests" */;
			buildPhases = (
				82492249C12B99DEA6865888 /* [CP] Check Pods Manifest.lock */,
				B01E11BA25D0C5C9009D1F58 /* Sources */,
				B01E11BB25D0C5C9009D1F58 /* Frameworks */,
				B01E11BC25D0C5C9009D1F58 /* Resources */,
				D1B4C62C8A904AF8E70410E9 /* [CP] Embed Pods Frameworks */,
			);
			buildRules = (
			);
			dependencies = (
				B01E11C025D0C5C9009D1F58 /* PBXTargetDependency */,
			);
			name = FlixUITests;
			productName = FlixUITests;
			productReference = B01E11BE25D0C5C9009D1F58 /* FlixUITests.xctest */;
			productType = "com.apple.product-type.bundle.ui-testing";
		};
/* End PBXNativeTarget section */

/* Begin PBXProject section */
		B01E119525D0C5C8009D1F58 /* Project object */ = {
			isa = PBXProject;
			attributes = {
				LastSwiftUpdateCheck = 1240;
				LastUpgradeCheck = 1240;
				TargetAttributes = {
					B01E119C25D0C5C8009D1F58 = {
						CreatedOnToolsVersion = 12.4;
					};
					B01E11B225D0C5C9009D1F58 = {
						CreatedOnToolsVersion = 12.4;
						TestTargetID = B01E119C25D0C5C8009D1F58;
					};
					B01E11BD25D0C5C9009D1F58 = {
						CreatedOnToolsVersion = 12.4;
						TestTargetID = B01E119C25D0C5C8009D1F58;
					};
				};
			};
			buildConfigurationList = B01E119825D0C5C8009D1F58 /* Build configuration list for PBXProject "Flix" */;
			compatibilityVersion = "Xcode 9.3";
			developmentRegion = en;
			hasScannedForEncodings = 0;
			knownRegions = (
				en,
				Base,
			);
			mainGroup = B01E119425D0C5C8009D1F58;
			productRefGroup = B01E119E25D0C5C8009D1F58 /* Products */;
			projectDirPath = "";
			projectRoot = "";
			targets = (
				B01E119C25D0C5C8009D1F58 /* Flix */,
				B01E11B225D0C5C9009D1F58 /* FlixTests */,
				B01E11BD25D0C5C9009D1F58 /* FlixUITests */,
			);
		};
/* End PBXProject section */

/* Begin PBXResourcesBuildPhase section */
		B01E119B25D0C5C8009D1F58 /* Resources */ = {
			isa = PBXResourcesBuildPhase;
			buildActionMask = 2147483647;
			files = (
				B01E11AD25D0C5C9009D1F58 /* LaunchScreen.storyboard in Resources */,
				B01E11AA25D0C5C9009D1F58 /* Assets.xcassets in Resources */,
				B0DE27A325E69B8E0039B830 /* README.md in Resources */,
				B01E11A825D0C5C8009D1F58 /* Main.storyboard in Resources */,
			);
			runOnlyForDeploymentPostprocessing = 0;
		};
		B01E11B125D0C5C9009D1F58 /* Resources */ = {
			isa = PBXResourcesBuildPhase;
			buildActionMask = 2147483647;
			files = (
			);
			runOnlyForDeploymentPostprocessing = 0;
		};
		B01E11BC25D0C5C9009D1F58 /* Resources */ = {
			isa = PBXResourcesBuildPhase;
			buildActionMask = 2147483647;
			files = (
			);
			runOnlyForDeploymentPostprocessing = 0;
		};
/* End PBXResourcesBuildPhase section */

/* Begin PBXShellScriptBuildPhase section */
		32DF4BD28FA4C25454893FA8 /* [CP] Check Pods Manifest.lock */ = {
			isa = PBXShellScriptBuildPhase;
			buildActionMask = 2147483647;
			files = (
			);
			inputFileListPaths = (
			);
			inputPaths = (
				"${PODS_PODFILE_DIR_PATH}/Podfile.lock",
				"${PODS_ROOT}/Manifest.lock",
			);
			name = "[CP] Check Pods Manifest.lock";
			outputFileListPaths = (
			);
			outputPaths = (
				"$(DERIVED_FILE_DIR)/Pods-Flix-checkManifestLockResult.txt",
			);
			runOnlyForDeploymentPostprocessing = 0;
			shellPath = /bin/sh;
			shellScript = "diff \"${PODS_PODFILE_DIR_PATH}/Podfile.lock\" \"${PODS_ROOT}/Manifest.lock\" > /dev/null\nif [ $? != 0 ] ; then\n    # print error to STDERR\n    echo \"error: The sandbox is not in sync with the Podfile.lock. Run 'pod install' or update your CocoaPods installation.\" >&2\n    exit 1\nfi\n# This output is used by Xcode 'outputs' to avoid re-running this script phase.\necho \"SUCCESS\" > \"${SCRIPT_OUTPUT_FILE_0}\"\n";
			showEnvVarsInLog = 0;
		};
		417B9AA8DE7988AA5357268B /* [CP] Embed Pods Frameworks */ = {
			isa = PBXShellScriptBuildPhase;
			buildActionMask = 2147483647;
			files = (
			);
			inputFileListPaths = (
				"${PODS_ROOT}/Target Support Files/Pods-Flix/Pods-Flix-frameworks-${CONFIGURATION}-input-files.xcfilelist",
			);
			name = "[CP] Embed Pods Frameworks";
			outputFileListPaths = (
				"${PODS_ROOT}/Target Support Files/Pods-Flix/Pods-Flix-frameworks-${CONFIGURATION}-output-files.xcfilelist",
			);
			runOnlyForDeploymentPostprocessing = 0;
			shellPath = /bin/sh;
			shellScript = "\"${PODS_ROOT}/Target Support Files/Pods-Flix/Pods-Flix-frameworks.sh\"\n";
			showEnvVarsInLog = 0;
		};
		82492249C12B99DEA6865888 /* [CP] Check Pods Manifest.lock */ = {
			isa = PBXShellScriptBuildPhase;
			buildActionMask = 2147483647;
			files = (
			);
			inputFileListPaths = (
			);
			inputPaths = (
				"${PODS_PODFILE_DIR_PATH}/Podfile.lock",
				"${PODS_ROOT}/Manifest.lock",
			);
			name = "[CP] Check Pods Manifest.lock";
			outputFileListPaths = (
			);
			outputPaths = (
				"$(DERIVED_FILE_DIR)/Pods-Flix-FlixUITests-checkManifestLockResult.txt",
			);
			runOnlyForDeploymentPostprocessing = 0;
			shellPath = /bin/sh;
			shellScript = "diff \"${PODS_PODFILE_DIR_PATH}/Podfile.lock\" \"${PODS_ROOT}/Manifest.lock\" > /dev/null\nif [ $? != 0 ] ; then\n    # print error to STDERR\n    echo \"error: The sandbox is not in sync with the Podfile.lock. Run 'pod install' or update your CocoaPods installation.\" >&2\n    exit 1\nfi\n# This output is used by Xcode 'outputs' to avoid re-running this script phase.\necho \"SUCCESS\" > \"${SCRIPT_OUTPUT_FILE_0}\"\n";
			showEnvVarsInLog = 0;
		};
		B0701D6E25E02258009635E7 /* ShellScript */ = {
			isa = PBXShellScriptBuildPhase;
			buildActionMask = 2147483647;
			files = (
			);
			inputFileListPaths = (
			);
			inputPaths = (
			);
			outputFileListPaths = (
			);
			outputPaths = (
			);
			runOnlyForDeploymentPostprocessing = 0;
			shellPath = /bin/sh;
			shellScript = "swiftlint --no-cache --config ~/.config/swift/swiftlintconfig.yml\n";
		};
		CCBA1CC0C8C4D253CF2F4BD0 /* [CP] Check Pods Manifest.lock */ = {
			isa = PBXShellScriptBuildPhase;
			buildActionMask = 2147483647;
			files = (
			);
			inputFileListPaths = (
			);
			inputPaths = (
				"${PODS_PODFILE_DIR_PATH}/Podfile.lock",
				"${PODS_ROOT}/Manifest.lock",
			);
			name = "[CP] Check Pods Manifest.lock";
			outputFileListPaths = (
			);
			outputPaths = (
				"$(DERIVED_FILE_DIR)/Pods-FlixTests-checkManifestLockResult.txt",
			);
			runOnlyForDeploymentPostprocessing = 0;
			shellPath = /bin/sh;
			shellScript = "diff \"${PODS_PODFILE_DIR_PATH}/Podfile.lock\" \"${PODS_ROOT}/Manifest.lock\" > /dev/null\nif [ $? != 0 ] ; then\n    # print error to STDERR\n    echo \"error: The sandbox is not in sync with the Podfile.lock. Run 'pod install' or update your CocoaPods installation.\" >&2\n    exit 1\nfi\n# This output is used by Xcode 'outputs' to avoid re-running this script phase.\necho \"SUCCESS\" > \"${SCRIPT_OUTPUT_FILE_0}\"\n";
			showEnvVarsInLog = 0;
		};
		D1B4C62C8A904AF8E70410E9 /* [CP] Embed Pods Frameworks */ = {
			isa = PBXShellScriptBuildPhase;
			buildActionMask = 2147483647;
			files = (
			);
			inputFileListPaths = (
				"${PODS_ROOT}/Target Support Files/Pods-Flix-FlixUITests/Pods-Flix-FlixUITests-frameworks-${CONFIGURATION}-input-files.xcfilelist",
			);
			name = "[CP] Embed Pods Frameworks";
			outputFileListPaths = (
				"${PODS_ROOT}/Target Support Files/Pods-Flix-FlixUITests/Pods-Flix-FlixUITests-frameworks-${CONFIGURATION}-output-files.xcfilelist",
			);
			runOnlyForDeploymentPostprocessing = 0;
			shellPath = /bin/sh;
			shellScript = "\"${PODS_ROOT}/Target Support Files/Pods-Flix-FlixUITests/Pods-Flix-FlixUITests-frameworks.sh\"\n";
			showEnvVarsInLog = 0;
		};
/* End PBXShellScriptBuildPhase section */

/* Begin PBXSourcesBuildPhase section */
		B01E119925D0C5C8009D1F58 /* Sources */ = {
			isa = PBXSourcesBuildPhase;
			buildActionMask = 2147483647;
			files = (
				B0D9B9A525E69A3A002ED143 /* MovieGridViewController.swift in Sources */,
				B01E11A125D0C5C8009D1F58 /* AppDelegate.swift in Sources */,
				B0D9B9A325E69A3A002ED143 /* MovieGridCell.swift in Sources */,
				B0D9B9A725E69A3A002ED143 /* MovieDetailsViewController.swift in Sources */,
				B01E11A325D0C5C8009D1F58 /* SceneDelegate.swift in Sources */,
				B0D9B9A625E69A3A002ED143 /* NowPlayingViewController.swift in Sources */,
				B0D9B9A425E69A3A002ED143 /* NowPlayingCell.swift in Sources */,
			);
			runOnlyForDeploymentPostprocessing = 0;
		};
		B01E11AF25D0C5C9009D1F58 /* Sources */ = {
			isa = PBXSourcesBuildPhase;
			buildActionMask = 2147483647;
			files = (
			);
			runOnlyForDeploymentPostprocessing = 0;
		};
		B01E11BA25D0C5C9009D1F58 /* Sources */ = {
			isa = PBXSourcesBuildPhase;
			buildActionMask = 2147483647;
			files = (
			);
			runOnlyForDeploymentPostprocessing = 0;
		};
/* End PBXSourcesBuildPhase section */

/* Begin PBXTargetDependency section */
		B01E11B525D0C5C9009D1F58 /* PBXTargetDependency */ = {
			isa = PBXTargetDependency;
			target = B01E119C25D0C5C8009D1F58 /* Flix */;
			targetProxy = B01E11B425D0C5C9009D1F58 /* PBXContainerItemProxy */;
		};
		B01E11C025D0C5C9009D1F58 /* PBXTargetDependency */ = {
			isa = PBXTargetDependency;
			target = B01E119C25D0C5C8009D1F58 /* Flix */;
			targetProxy = B01E11BF25D0C5C9009D1F58 /* PBXContainerItemProxy */;
		};
/* End PBXTargetDependency section */

/* Begin PBXVariantGroup section */
		B01E11A625D0C5C8009D1F58 /* Main.storyboard */ = {
			isa = PBXVariantGroup;
			children = (
				B01E11A725D0C5C8009D1F58 /* Base */,
			);
			name = Main.storyboard;
			sourceTree = "<group>";
		};
		B01E11AB25D0C5C9009D1F58 /* LaunchScreen.storyboard */ = {
			isa = PBXVariantGroup;
			children = (
				B01E11AC25D0C5C9009D1F58 /* Base */,
			);
			name = LaunchScreen.storyboard;
			sourceTree = "<group>";
		};
/* End PBXVariantGroup section */

/* Begin XCBuildConfiguration section */
		B01E11C525D0C5CA009D1F58 /* Debug */ = {
			isa = XCBuildConfiguration;
			buildSettings = {
				ALWAYS_SEARCH_USER_PATHS = NO;
				CLANG_ANALYZER_NONNULL = YES;
				CLANG_ANALYZER_NUMBER_OBJECT_CONVERSION = YES_AGGRESSIVE;
				CLANG_CXX_LANGUAGE_STANDARD = "gnu++14";
				CLANG_CXX_LIBRARY = "libc++";
				CLANG_ENABLE_MODULES = YES;
				CLANG_ENABLE_OBJC_ARC = YES;
				CLANG_ENABLE_OBJC_WEAK = YES;
				CLANG_WARN_BLOCK_CAPTURE_AUTORELEASING = YES;
				CLANG_WARN_BOOL_CONVERSION = YES;
				CLANG_WARN_COMMA = YES;
				CLANG_WARN_CONSTANT_CONVERSION = YES;
				CLANG_WARN_DEPRECATED_OBJC_IMPLEMENTATIONS = YES;
				CLANG_WARN_DIRECT_OBJC_ISA_USAGE = YES_ERROR;
				CLANG_WARN_DOCUMENTATION_COMMENTS = YES;
				CLANG_WARN_EMPTY_BODY = YES;
				CLANG_WARN_ENUM_CONVERSION = YES;
				CLANG_WARN_INFINITE_RECURSION = YES;
				CLANG_WARN_INT_CONVERSION = YES;
				CLANG_WARN_NON_LITERAL_NULL_CONVERSION = YES;
				CLANG_WARN_OBJC_IMPLICIT_RETAIN_SELF = YES;
				CLANG_WARN_OBJC_LITERAL_CONVERSION = YES;
				CLANG_WARN_OBJC_ROOT_CLASS = YES_ERROR;
				CLANG_WARN_QUOTED_INCLUDE_IN_FRAMEWORK_HEADER = YES;
				CLANG_WARN_RANGE_LOOP_ANALYSIS = YES;
				CLANG_WARN_STRICT_PROTOTYPES = YES;
				CLANG_WARN_SUSPICIOUS_MOVE = YES;
				CLANG_WARN_UNGUARDED_AVAILABILITY = YES_AGGRESSIVE;
				CLANG_WARN_UNREACHABLE_CODE = YES;
				CLANG_WARN__DUPLICATE_METHOD_MATCH = YES;
				COPY_PHASE_STRIP = NO;
				DEBUG_INFORMATION_FORMAT = dwarf;
				ENABLE_STRICT_OBJC_MSGSEND = YES;
				ENABLE_TESTABILITY = YES;
				GCC_C_LANGUAGE_STANDARD = gnu11;
				GCC_DYNAMIC_NO_PIC = NO;
				GCC_NO_COMMON_BLOCKS = YES;
				GCC_OPTIMIZATION_LEVEL = 0;
				GCC_PREPROCESSOR_DEFINITIONS = (
					"DEBUG=1",
					"$(inherited)",
				);
				GCC_WARN_64_TO_32_BIT_CONVERSION = YES;
				GCC_WARN_ABOUT_RETURN_TYPE = YES_ERROR;
				GCC_WARN_UNDECLARED_SELECTOR = YES;
				GCC_WARN_UNINITIALIZED_AUTOS = YES_AGGRESSIVE;
				GCC_WARN_UNUSED_FUNCTION = YES;
				GCC_WARN_UNUSED_VARIABLE = YES;
				IPHONEOS_DEPLOYMENT_TARGET = 14.4;
				MTL_ENABLE_DEBUG_INFO = INCLUDE_SOURCE;
				MTL_FAST_MATH = YES;
				ONLY_ACTIVE_ARCH = YES;
				SDKROOT = iphoneos;
				SWIFT_ACTIVE_COMPILATION_CONDITIONS = DEBUG;
				SWIFT_OPTIMIZATION_LEVEL = "-Onone";
			};
			name = Debug;
		};
		B01E11C625D0C5CA009D1F58 /* Release */ = {
			isa = XCBuildConfiguration;
			buildSettings = {
				ALWAYS_SEARCH_USER_PATHS = NO;
				CLANG_ANALYZER_NONNULL = YES;
				CLANG_ANALYZER_NUMBER_OBJECT_CONVERSION = YES_AGGRESSIVE;
				CLANG_CXX_LANGUAGE_STANDARD = "gnu++14";
				CLANG_CXX_LIBRARY = "libc++";
				CLANG_ENABLE_MODULES = YES;
				CLANG_ENABLE_OBJC_ARC = YES;
				CLANG_ENABLE_OBJC_WEAK = YES;
				CLANG_WARN_BLOCK_CAPTURE_AUTORELEASING = YES;
				CLANG_WARN_BOOL_CONVERSION = YES;
				CLANG_WARN_COMMA = YES;
				CLANG_WARN_CONSTANT_CONVERSION = YES;
				CLANG_WARN_DEPRECATED_OBJC_IMPLEMENTATIONS = YES;
				CLANG_WARN_DIRECT_OBJC_ISA_USAGE = YES_ERROR;
				CLANG_WARN_DOCUMENTATION_COMMENTS = YES;
				CLANG_WARN_EMPTY_BODY = YES;
				CLANG_WARN_ENUM_CONVERSION = YES;
				CLANG_WARN_INFINITE_RECURSION = YES;
				CLANG_WARN_INT_CONVERSION = YES;
				CLANG_WARN_NON_LITERAL_NULL_CONVERSION = YES;
				CLANG_WARN_OBJC_IMPLICIT_RETAIN_SELF = YES;
				CLANG_WARN_OBJC_LITERAL_CONVERSION = YES;
				CLANG_WARN_OBJC_ROOT_CLASS = YES_ERROR;
				CLANG_WARN_QUOTED_INCLUDE_IN_FRAMEWORK_HEADER = YES;
				CLANG_WARN_RANGE_LOOP_ANALYSIS = YES;
				CLANG_WARN_STRICT_PROTOTYPES = YES;
				CLANG_WARN_SUSPICIOUS_MOVE = YES;
				CLANG_WARN_UNGUARDED_AVAILABILITY = YES_AGGRESSIVE;
				CLANG_WARN_UNREACHABLE_CODE = YES;
				CLANG_WARN__DUPLICATE_METHOD_MATCH = YES;
				COPY_PHASE_STRIP = NO;
				DEBUG_INFORMATION_FORMAT = "dwarf-with-dsym";
				ENABLE_NS_ASSERTIONS = NO;
				ENABLE_STRICT_OBJC_MSGSEND = YES;
				GCC_C_LANGUAGE_STANDARD = gnu11;
				GCC_NO_COMMON_BLOCKS = YES;
				GCC_WARN_64_TO_32_BIT_CONVERSION = YES;
				GCC_WARN_ABOUT_RETURN_TYPE = YES_ERROR;
				GCC_WARN_UNDECLARED_SELECTOR = YES;
				GCC_WARN_UNINITIALIZED_AUTOS = YES_AGGRESSIVE;
				GCC_WARN_UNUSED_FUNCTION = YES;
				GCC_WARN_UNUSED_VARIABLE = YES;
				IPHONEOS_DEPLOYMENT_TARGET = 14.4;
				MTL_ENABLE_DEBUG_INFO = NO;
				MTL_FAST_MATH = YES;
				SDKROOT = iphoneos;
				SWIFT_COMPILATION_MODE = wholemodule;
				SWIFT_OPTIMIZATION_LEVEL = "-O";
				VALIDATE_PRODUCT = YES;
			};
			name = Release;
		};
		B01E11C825D0C5CA009D1F58 /* Debug */ = {
			isa = XCBuildConfiguration;
			baseConfigurationReference = 6461A230986E82AE1DDE6ABB /* Pods-Flix.debug.xcconfig */;
			buildSettings = {
				ASSETCATALOG_COMPILER_APPICON_NAME = AppIcon;
				ASSETCATALOG_COMPILER_GLOBAL_ACCENT_COLOR_NAME = AccentColor;
				CODE_SIGN_STYLE = Automatic;
				DEVELOPMENT_TEAM = 3WWPCUG25D;
				INFOPLIST_FILE = Flix/Info.plist;
				LD_RUNPATH_SEARCH_PATHS = (
					"$(inherited)",
					"@executable_path/Frameworks",
				);
				PRODUCT_BUNDLE_IDENTIFIER = favianflores.Flix;
				PRODUCT_NAME = "$(TARGET_NAME)";
				SWIFT_VERSION = 5.0;
				TARGETED_DEVICE_FAMILY = 1;
			};
			name = Debug;
		};
		B01E11C925D0C5CA009D1F58 /* Release */ = {
			isa = XCBuildConfiguration;
			baseConfigurationReference = B822E8F17587D8E12CED9B01 /* Pods-Flix.release.xcconfig */;
			buildSettings = {
				ASSETCATALOG_COMPILER_APPICON_NAME = AppIcon;
				ASSETCATALOG_COMPILER_GLOBAL_ACCENT_COLOR_NAME = AccentColor;
				CODE_SIGN_STYLE = Automatic;
				DEVELOPMENT_TEAM = 3WWPCUG25D;
				INFOPLIST_FILE = Flix/Info.plist;
				LD_RUNPATH_SEARCH_PATHS = (
					"$(inherited)",
					"@executable_path/Frameworks",
				);
				PRODUCT_BUNDLE_IDENTIFIER = favianflores.Flix;
				PRODUCT_NAME = "$(TARGET_NAME)";
				SWIFT_VERSION = 5.0;
				TARGETED_DEVICE_FAMILY = 1;
			};
			name = Release;
		};
		B01E11CB25D0C5CA009D1F58 /* Debug */ = {
			isa = XCBuildConfiguration;
			baseConfigurationReference = 8CAF4FC860436D04961D3A91 /* Pods-FlixTests.debug.xcconfig */;
			buildSettings = {
				ALWAYS_EMBED_SWIFT_STANDARD_LIBRARIES = YES;
				BUNDLE_LOADER = "$(TEST_HOST)";
				CODE_SIGN_STYLE = Automatic;
				DEVELOPMENT_TEAM = 3WWPCUG25D;
				INFOPLIST_FILE = FlixTests/Info.plist;
				IPHONEOS_DEPLOYMENT_TARGET = 14.4;
				LD_RUNPATH_SEARCH_PATHS = (
					"$(inherited)",
					"@executable_path/Frameworks",
					"@loader_path/Frameworks",
				);
				PRODUCT_BUNDLE_IDENTIFIER = Flores.FlixTests;
				PRODUCT_NAME = "$(TARGET_NAME)";
				SWIFT_VERSION = 5.0;
				TARGETED_DEVICE_FAMILY = "1,2";
				TEST_HOST = "$(BUILT_PRODUCTS_DIR)/Flix.app/Flix";
			};
			name = Debug;
		};
		B01E11CC25D0C5CA009D1F58 /* Release */ = {
			isa = XCBuildConfiguration;
			baseConfigurationReference = B71607F7F043352C3E3CDFCD /* Pods-FlixTests.release.xcconfig */;
			buildSettings = {
				ALWAYS_EMBED_SWIFT_STANDARD_LIBRARIES = YES;
				BUNDLE_LOADER = "$(TEST_HOST)";
				CODE_SIGN_STYLE = Automatic;
				DEVELOPMENT_TEAM = 3WWPCUG25D;
				INFOPLIST_FILE = FlixTests/Info.plist;
				IPHONEOS_DEPLOYMENT_TARGET = 14.4;
				LD_RUNPATH_SEARCH_PATHS = (
					"$(inherited)",
					"@executable_path/Frameworks",
					"@loader_path/Frameworks",
				);
				PRODUCT_BUNDLE_IDENTIFIER = Flores.FlixTests;
				PRODUCT_NAME = "$(TARGET_NAME)";
				SWIFT_VERSION = 5.0;
				TARGETED_DEVICE_FAMILY = "1,2";
				TEST_HOST = "$(BUILT_PRODUCTS_DIR)/Flix.app/Flix";
			};
			name = Release;
		};
		B01E11CE25D0C5CA009D1F58 /* Debug */ = {
			isa = XCBuildConfiguration;
			baseConfigurationReference = CDE0F4F833AC77E77F33433B /* Pods-Flix-FlixUITests.debug.xcconfig */;
			buildSettings = {
				ALWAYS_EMBED_SWIFT_STANDARD_LIBRARIES = YES;
				CODE_SIGN_STYLE = Automatic;
				DEVELOPMENT_TEAM = 3WWPCUG25D;
				INFOPLIST_FILE = FlixUITests/Info.plist;
				LD_RUNPATH_SEARCH_PATHS = (
					"$(inherited)",
					"@executable_path/Frameworks",
					"@loader_path/Frameworks",
				);
				PRODUCT_BUNDLE_IDENTIFIER = Flores.FlixUITests;
				PRODUCT_NAME = "$(TARGET_NAME)";
				SWIFT_VERSION = 5.0;
				TARGETED_DEVICE_FAMILY = "1,2";
				TEST_TARGET_NAME = Flix;
			};
			name = Debug;
		};
		B01E11CF25D0C5CA009D1F58 /* Release */ = {
			isa = XCBuildConfiguration;
			baseConfigurationReference = 7CAD1ED50ECE485C2723BFD8 /* Pods-Flix-FlixUITests.release.xcconfig */;
			buildSettings = {
				ALWAYS_EMBED_SWIFT_STANDARD_LIBRARIES = YES;
				CODE_SIGN_STYLE = Automatic;
				DEVELOPMENT_TEAM = 3WWPCUG25D;
				INFOPLIST_FILE = FlixUITests/Info.plist;
				LD_RUNPATH_SEARCH_PATHS = (
					"$(inherited)",
					"@executable_path/Frameworks",
					"@loader_path/Frameworks",
				);
				PRODUCT_BUNDLE_IDENTIFIER = Flores.FlixUITests;
				PRODUCT_NAME = "$(TARGET_NAME)";
				SWIFT_VERSION = 5.0;
				TARGETED_DEVICE_FAMILY = "1,2";
				TEST_TARGET_NAME = Flix;
			};
			name = Release;
		};
/* End XCBuildConfiguration section */

/* Begin XCConfigurationList section */
		B01E119825D0C5C8009D1F58 /* Build configuration list for PBXProject "Flix" */ = {
			isa = XCConfigurationList;
			buildConfigurations = (
				B01E11C525D0C5CA009D1F58 /* Debug */,
				B01E11C625D0C5CA009D1F58 /* Release */,
			);
			defaultConfigurationIsVisible = 0;
			defaultConfigurationName = Release;
		};
		B01E11C725D0C5CA009D1F58 /* Build configuration list for PBXNativeTarget "Flix" */ = {
			isa = XCConfigurationList;
			buildConfigurations = (
				B01E11C825D0C5CA009D1F58 /* Debug */,
				B01E11C925D0C5CA009D1F58 /* Release */,
			);
			defaultConfigurationIsVisible = 0;
			defaultConfigurationName = Release;
		};
		B01E11CA25D0C5CA009D1F58 /* Build configuration list for PBXNativeTarget "FlixTests" */ = {
			isa = XCConfigurationList;
			buildConfigurations = (
				B01E11CB25D0C5CA009D1F58 /* Debug */,
				B01E11CC25D0C5CA009D1F58 /* Release */,
			);
			defaultConfigurationIsVisible = 0;
			defaultConfigurationName = Release;
		};
		B01E11CD25D0C5CA009D1F58 /* Build configuration list for PBXNativeTarget "FlixUITests" */ = {
			isa = XCConfigurationList;
			buildConfigurations = (
				B01E11CE25D0C5CA009D1F58 /* Debug */,
				B01E11CF25D0C5CA009D1F58 /* Release */,
			);
			defaultConfigurationIsVisible = 0;
			defaultConfigurationName = Release;
		};
/* End XCConfigurationList section */
	};
	rootObject = B01E119525D0C5C8009D1F58 /* Project object */;
}
